
Microsoft Visual Studio Solution File, Format Version 12.00
# Visual Studio Version 17
VisualStudioVersion = 17.4.33122.133
MinimumVisualStudioVersion = 10.0.40219.1
Project("{FAE04EC0-301F-11D3-BF4B-00C04F79EFBC}") = "AIO Memepack", "AIO Memepack.csproj", "{15158709-8F1C-44EB-ABF8-90EB79E9D414}"
EndProject
Global
	GlobalSection(SolutionConfigurationPlatforms) = preSolution
		Debug|Any CPU = Debug|Any CPU
		Release|Any CPU = Release|Any CPU
	EndGlobalSection
	GlobalSection(ProjectConfigurationPlatforms) = postSolution
		{15158709-8F1C-44EB-ABF8-90EB79E9D414}.Debug|Any CPU.ActiveCfg = Release|Any CPU
		{15158709-8F1C-44EB-ABF8-90EB79E9D414}.Debug|Any CPU.Build.0 = Release|Any CPU
		{15158709-8F1C-44EB-ABF8-90EB79E9D414}.Release|Any CPU.ActiveCfg = Release|Any CPU
		{15158709-8F1C-44EB-ABF8-90EB79E9D414}.Release|Any CPU.Build.0 = Release|Any CPU
	EndGlobalSection
	GlobalSection(SolutionProperties) = preSolution
		HideSolutionNode = FALSE
	EndGlobalSection
	GlobalSection(ExtensibilityGlobals) = postSolution
		SolutionGuid = {2836E097-896F-4B89-9CE2-B788180B751A}
	EndGlobalSection
EndGlobal
